# THIS IS AN AUTOGENERATED FILE. DO NOT EDIT THIS FILE DIRECTLY.
# yarn lockfile v1


bundle-name@^4.1.0:
  version "4.1.0"
  dependencies:
    run-applescript "^7.0.0"

default-browser-id@^5.0.0:
  version "5.0.0"

default-browser@^5.2.1:
  version "5.2.1"
  dependencies:
    bundle-name "^4.1.0"
    default-browser-id "^5.0.0"

define-lazy-prop@^3.0.0:
  version "3.0.0"

is-docker@^3.0.0:
  version "3.0.0"

is-inside-container@^1.0.0:
  version "1.0.0"
  dependencies:
    is-docker "^3.0.0"

is-wsl@^3.1.0:
  version "3.1.0"
  dependencies:
    is-inside-container "^1.0.0"

open@^10.2.0:
  version "10.2.0"
  dependencies:
    default-browser "^5.2.1"
    define-lazy-prop "^3.0.0"
    is-inside-container "^1.0.0"
    wsl-utils "^0.1.0"

run-applescript@^7.0.0:
  version "7.0.0"

wsl-utils@^0.1.0:
  version "0.1.0"
  dependencies:
    is-wsl "^3.1.0"
